
Microsoft Visual Studio Solution File, Format Version 12.00
# Visual Studio 2012
Project("{FAE04EC0-301F-11D3-BF4B-00C04F79EFBC}") = "Regular01", "Regular01\Regular01.csproj", "{A5EB4D62-5C8F-458E-84A1-3E93844B46B9}"
EndProject
Project("{FAE04EC0-301F-11D3-BF4B-00C04F79EFBC}") = "Regular02", "Regular02\Regular02.csproj", "{AAE4E64B-CF5E-46E1-A98E-7127A8070C96}"
EndProject
Global
	GlobalSection(SolutionConfigurationPlatforms) = preSolution
		Debug|Any CPU = Debug|Any CPU
		Release|Any CPU = Release|Any CPU
	EndGlobalSection
	GlobalSection(ProjectConfigurationPlatforms) = postSolution
		{A5EB4D62-5C8F-458E-84A1-3E93844B46B9}.Debug|Any CPU.ActiveCfg = Debug|Any CPU
		{A5EB4D62-5C8F-458E-84A1-3E93844B46B9}.Debug|Any CPU.Build.0 = Debug|Any CPU
		{A5EB4D62-5C8F-458E-84A1-3E93844B46B9}.Release|Any CPU.ActiveCfg = Release|Any CPU
		{A5EB4D62-5C8F-458E-84A1-3E93844B46B9}.Release|Any CPU.Build.0 = Release|Any CPU
		{AAE4E64B-CF5E-46E1-A98E-7127A8070C96}.Debug|Any CPU.ActiveCfg = Debug|Any CPU
		{AAE4E64B-CF5E-46E1-A98E-7127A8070C96}.Debug|Any CPU.Build.0 = Debug|Any CPU
		{AAE4E64B-CF5E-46E1-A98E-7127A8070C96}.Release|Any CPU.ActiveCfg = Release|Any CPU
		{AAE4E64B-CF5E-46E1-A98E-7127A8070C96}.Release|Any CPU.Build.0 = Release|Any CPU
	EndGlobalSection
	GlobalSection(SolutionProperties) = preSolution
		HideSolutionNode = FALSE
	EndGlobalSection
EndGlobal
